<?xml version="1.0" encoding="utf-8"?>
<Project ToolsVersion="4.0" xmlns="http://schemas.microsoft.com/developer/msbuild/2003">
  <ItemGroup>
    <Filter Include="Source Files">
      <UniqueIdentifier>{4FC737F1-C7A5-4376-A066-2A32D752A2FF}</UniqueIdentifier>
      <Extensions>cpp;c;cc;cxx;def;odl;idl;hpj;bat;asm;asmx</Extensions>
    </Filter>
    <Filter Include="Header Files">
      <UniqueIdentifier>{93995380-89BD-4b04-88EB-625FBE52EBFB}</UniqueIdentifier>
      <Extensions>h;hpp;hxx;hm;inl;inc;xsd</Extensions>
    </Filter>
    <Filter Include="Resource Files">
      <UniqueIdentifier>{67DA6AB6-F800-4c08-8B7A-83BB121AAD01}</UniqueIdentifier>
      <Extensions>rc;ico;cur;bmp;dlg;rc2;rct;bin;rgs;gif;jpg;jpeg;jpe;resx;tiff;tif;png;wav;mfcribbon-ms</Extensions>
    </Filter>
    <Filter Include="Samples">
      <UniqueIdentifier>{e3e5871a-7f37-43b2-bc85-672c4028b256}</UniqueIdentifier>
    </Filter>
  </ItemGroup>
  <ItemGroup>
    <None Include="ReadMe.txt" />
    <None Include="Variables.txt">
      <Filter>Samples</Filter>
    </None>
    <None Include="GlobalConstantTable.txt">
      <Filter>Samples</Filter>
    </None>
    <None Include="Native function mapping.txt">
      <Filter>Samples</Filter>
    </None>
    <None Include="Data type implementations.txt">
      <Filter>Samples</Filter>
    </None>
    <None Include="Compiler.txt">
      <Filter>Samples</Filter>
    </None>
    <None Include="Virtual.txt">
      <Filter>Samples</Filter>
    </None>
    <None Include="ASM.def">
      <Filter>Source Files</Filter>
    </None>
    <None Include="String.txt">
      <Filter>Samples</Filter>
    </None>
  </ItemGroup>
  <ItemGroup>
    <ClInclude Include="stdafx.h">
      <Filter>Header Files</Filter>
    </ClInclude>
    <ClInclude Include="targetver.h">
      <Filter>Header Files</Filter>
    </ClInclude>
    <ClInclude Include="HypIO.h">
      <Filter>Header Files</Filter>
    </ClInclude>
    <ClInclude Include="HypString.h">
      <Filter>Header Files</Filter>
    </ClInclude>
    <ClInclude Include="Core.h">
      <Filter>Header Files</Filter>
    </ClInclude>
    <ClInclude Include="HypObject.h">
      <Filter>Header Files</Filter>
    </ClInclude>
    <ClInclude Include="HypWin32.h">
      <Filter>Header Files</Filter>
    </ClInclude>
    <ClInclude Include="HypLinux.h">
      <Filter>Header Files</Filter>
    </ClInclude>
    <ClInclude Include="HypTemplate.h">
      <Filter>Header Files</Filter>
    </ClInclude>
    <ClInclude Include="HypScript.h">
      <Filter>Header Files</Filter>
    </ClInclude>
    <ClInclude Include="HypVM.h">
      <Filter>Header Files</Filter>
    </ClInclude>
    <ClInclude Include="HypOutput.h">
      <Filter>Header Files</Filter>
    </ClInclude>
    <ClInclude Include="HypWindowsConsole.h">
      <Filter>Header Files</Filter>
    </ClInclude>
    <ClInclude Include="HypConsole.h">
      <Filter>Header Files</Filter>
    </ClInclude>
    <ClInclude Include="HypImportManager.h">
      <Filter>Header Files</Filter>
    </ClInclude>
    <ClInclude Include="HypMath.h">
      <Filter>Header Files</Filter>
    </ClInclude>
    <ClInclude Include="HypCompiler.h">
      <Filter>Header Files</Filter>
    </ClInclude>
  </ItemGroup>
  <ItemGroup>
    <ClCompile Include="stdafx.cpp">
      <Filter>Source Files</Filter>
    </ClCompile>
    <ClCompile Include="dllmain.cpp">
      <Filter>Source Files</Filter>
    </ClCompile>
    <ClCompile Include="HypIO.cpp">
      <Filter>Source Files</Filter>
    </ClCompile>
    <ClCompile Include="HypString.cpp">
      <Filter>Source Files</Filter>
    </ClCompile>
    <ClCompile Include="Core.cpp">
      <Filter>Source Files</Filter>
    </ClCompile>
    <ClCompile Include="HypObject.cpp">
      <Filter>Source Files</Filter>
    </ClCompile>
    <ClCompile Include="HypTemplate.cpp">
      <Filter>Source Files</Filter>
    </ClCompile>
    <ClCompile Include="HypVM.cpp">
      <Filter>Source Files</Filter>
    </ClCompile>
    <ClCompile Include="HypScript.cpp">
      <Filter>Source Files</Filter>
    </ClCompile>
    <ClCompile Include="HypWin32.cpp">
      <Filter>Source Files</Filter>
    </ClCompile>
    <ClCompile Include="HypWindowsConsole.cpp">
      <Filter>Source Files</Filter>
    </ClCompile>
    <ClCompile Include="HypOutput.cpp">
      <Filter>Source Files</Filter>
    </ClCompile>
    <ClCompile Include="HypLinux.cpp">
      <Filter>Source Files</Filter>
    </ClCompile>
    <ClCompile Include="HypImportManager.cpp">
      <Filter>Source Files</Filter>
    </ClCompile>
    <ClCompile Include="HypMath.cpp">
      <Filter>Source Files</Filter>
    </ClCompile>
    <ClCompile Include="HypCompiler.cpp">
      <Filter>Source Files</Filter>
    </ClCompile>
  </ItemGroup>
  <ItemGroup>
    <MASM Include="HypVMASM.asm">
      <Filter>Source Files</Filter>
    </MASM>
  </ItemGroup>
</Project>